
Microsoft Visual Studio Solution File, Format Version 12.00
# Visual Studio 15
VisualStudioVersion = 15.0.28010.2046
MinimumVisualStudioVersion = 10.0.40219.1
Project("{FAE04EC0-301F-11D3-BF4B-00C04F79EFBC}") = "App01_ConsultarCEP.Android", "App01_ConsultarCEP\App01_ConsultarCEP.Android\App01_ConsultarCEP.Android.csproj", "{F7914D71-C2B5-4110-B83D-AE215A96C6A0}"
EndProject
Project("{FAE04EC0-301F-11D3-BF4B-00C04F79EFBC}") = "App01_ConsultarCEP.iOS", "App01_ConsultarCEP\App01_ConsultarCEP.iOS\App01_ConsultarCEP.iOS.csproj", "{7DD299D3-CF25-4187-A8B8-A36FCEE44CE2}"
EndProject
Project("{FAE04EC0-301F-11D3-BF4B-00C04F79EFBC}") = "App01_ConsultarCEP.UWP", "App01_ConsultarCEP\App01_ConsultarCEP.UWP\App01_ConsultarCEP.UWP.csproj", "{B157EBA7-9C54-4666-9BD1-A054E78FD107}"
EndProject
Project("{FAE04EC0-301F-11D3-BF4B-00C04F79EFBC}") = "App01_ConsultarCEP", "App01_ConsultarCEP\App01_ConsultarCEP\App01_ConsultarCEP.csproj", "{CE4483E1-68E9-4E4E-A63F-1FDFE169F9BF}"
EndProject
Global
	GlobalSection(SolutionConfigurationPlatforms) = preSolution
		Ad-Hoc|Any CPU = Ad-Hoc|Any CPU
		Ad-Hoc|ARM = Ad-Hoc|ARM
		Ad-Hoc|iPhone = Ad-Hoc|iPhone
		Ad-Hoc|iPhoneSimulator = Ad-Hoc|iPhoneSimulator
		Ad-Hoc|x64 = Ad-Hoc|x64
		Ad-Hoc|x86 = Ad-Hoc|x86
		AppStore|Any CPU = AppStore|Any CPU
		AppStore|ARM = AppStore|ARM
		AppStore|iPhone = AppStore|iPhone
		AppStore|iPhoneSimulator = AppStore|iPhoneSimulator
		AppStore|x64 = AppStore|x64
		AppStore|x86 = AppStore|x86
		Debug|Any CPU = Debug|Any CPU
		Debug|ARM = Debug|ARM
		Debug|iPhone = Debug|iPhone
		Debug|iPhoneSimulator = Debug|iPhoneSimulator
		Debug|x64 = Debug|x64
		Debug|x86 = Debug|x86
		Release|Any CPU = Release|Any CPU
		Release|ARM = Release|ARM
		Release|iPhone = Release|iPhone
		Release|iPhoneSimulator = Release|iPhoneSimulator
		Release|x64 = Release|x64
		Release|x86 = Release|x86
	EndGlobalSection
	GlobalSection(ProjectConfigurationPlatforms) = postSolution
		{F7914D71-C2B5-4110-B83D-AE215A96C6A0}.Ad-Hoc|Any CPU.ActiveCfg = Release|Any CPU
		{F7914D71-C2B5-4110-B83D-AE215A96C6A0}.Ad-Hoc|Any CPU.Build.0 = Release|Any CPU
		{F7914D71-C2B5-4110-B83D-AE215A96C6A0}.Ad-Hoc|Any CPU.Deploy.0 = Release|Any CPU
		{F7914D71-C2B5-4110-B83D-AE215A96C6A0}.Ad-Hoc|ARM.ActiveCfg = Release|Any CPU
		{F7914D71-C2B5-4110-B83D-AE215A96C6A0}.Ad-Hoc|ARM.Build.0 = Release|Any CPU
		{F7914D71-C2B5-4110-B83D-AE215A96C6A0}.Ad-Hoc|ARM.Deploy.0 = Release|Any CPU
		{F7914D71-C2B5-4110-B83D-AE215A96C6A0}.Ad-Hoc|iPhone.ActiveCfg = Release|Any CPU
		{F7914D71-C2B5-4110-B83D-AE215A96C6A0}.Ad-Hoc|iPhone.Build.0 = Release|Any CPU
		{F7914D71-C2B5-4110-B83D-AE215A96C6A0}.Ad-Hoc|iPhone.Deploy.0 = Release|Any CPU
		{F7914D71-C2B5-4110-B83D-AE215A96C6A0}.Ad-Hoc|iPhoneSimulator.ActiveCfg = Release|Any CPU
		{F7914D71-C2B5-4110-B83D-AE215A96C6A0}.Ad-Hoc|iPhoneSimulator.Build.0 = Release|Any CPU
		{F7914D71-C2B5-4110-B83D-AE215A96C6A0}.Ad-Hoc|iPhoneSimulator.Deploy.0 = Release|Any CPU
		{F7914D71-C2B5-4110-B83D-AE215A96C6A0}.Ad-Hoc|x64.ActiveCfg = Release|Any CPU
		{F7914D71-C2B5-4110-B83D-AE215A96C6A0}.Ad-Hoc|x64.Build.0 = Release|Any CPU
		{F7914D71-C2B5-4110-B83D-AE215A96C6A0}.Ad-Hoc|x64.Deploy.0 = Release|Any CPU
		{F7914D71-C2B5-4110-B83D-AE215A96C6A0}.Ad-Hoc|x86.ActiveCfg = Release|Any CPU
		{F7914D71-C2B5-4110-B83D-AE215A96C6A0}.Ad-Hoc|x86.Build.0 = Release|Any CPU
		{F7914D71-C2B5-4110-B83D-AE215A96C6A0}.Ad-Hoc|x86.Deploy.0 = Release|Any CPU
		{F7914D71-C2B5-4110-B83D-AE215A96C6A0}.AppStore|Any CPU.ActiveCfg = Release|Any CPU
		{F7914D71-C2B5-4110-B83D-AE215A96C6A0}.AppStore|Any CPU.Build.0 = Release|Any CPU
		{F7914D71-C2B5-4110-B83D-AE215A96C6A0}.AppStore|Any CPU.Deploy.0 = Release|Any CPU
		{F7914D71-C2B5-4110-B83D-AE215A96C6A0}.AppStore|ARM.ActiveCfg = Release|Any CPU
		{F7914D71-C2B5-4110-B83D-AE215A96C6A0}.AppStore|ARM.Build.0 = Release|Any CPU
		{F7914D71-C2B5-4110-B83D-AE215A96C6A0}.AppStore|ARM.Deploy.0 = Release|Any CPU
		{F7914D71-C2B5-4110-B83D-AE215A96C6A0}.AppStore|iPhone.ActiveCfg = Release|Any CPU
		{F7914D71-C2B5-4110-B83D-AE215A96C6A0}.AppStore|iPhone.Build.0 = Release|Any CPU
		{F7914D71-C2B5-4110-B83D-AE215A96C6A0}.AppStore|iPhone.Deploy.0 = Release|Any CPU
		{F7914D71-C2B5-4110-B83D-AE215A96C6A0}.AppStore|iPhoneSimulator.ActiveCfg = Release|Any CPU
		{F7914D71-C2B5-4110-B83D-AE215A96C6A0}.AppStore|iPhoneSimulator.Build.0 = Release|Any CPU
		{F7914D71-C2B5-4110-B83D-AE215A96C6A0}.AppStore|iPhoneSimulator.Deploy.0 = Release|Any CPU
		{F7914D71-C2B5-4110-B83D-AE215A96C6A0}.AppStore|x64.ActiveCfg = Release|Any CPU
		{F7914D71-C2B5-4110-B83D-AE215A96C6A0}.AppStore|x64.Build.0 = Release|Any CPU
		{F7914D71-C2B5-4110-B83D-AE215A96C6A0}.AppStore|x64.Deploy.0 = Release|Any CPU
		{F7914D71-C2B5-4110-B83D-AE215A96C6A0}.AppStore|x86.ActiveCfg = Release|Any CPU
		{F7914D71-C2B5-4110-B83D-AE215A96C6A0}.AppStore|x86.Build.0 = Release|Any CPU
		{F7914D71-C2B5-4110-B83D-AE215A96C6A0}.AppStore|x86.Deploy.0 = Release|Any CPU
		{F7914D71-C2B5-4110-B83D-AE215A96C6A0}.Debug|Any CPU.ActiveCfg = Debug|Any CPU
		{F7914D71-C2B5-4110-B83D-AE215A96C6A0}.Debug|Any CPU.Build.0 = Debug|Any CPU
		{F7914D71-C2B5-4110-B83D-AE215A96C6A0}.Debug|Any CPU.Deploy.0 = Debug|Any CPU
		{F7914D71-C2B5-4110-B83D-AE215A96C6A0}.Debug|ARM.ActiveCfg = Debug|Any CPU
		{F7914D71-C2B5-4110-B83D-AE215A96C6A0}.Debug|ARM.Build.0 = Debug|Any CPU
		{F7914D71-C2B5-4110-B83D-AE215A96C6A0}.Debug|ARM.Deploy.0 = Debug|Any CPU
		{F7914D71-C2B5-4110-B83D-AE215A96C6A0}.Debug|iPhone.ActiveCfg = Debug|Any CPU
		{F7914D71-C2B5-4110-B83D-AE215A96C6A0}.Debug|iPhone.Build.0 = Debug|Any CPU
		{F7914D71-C2B5-4110-B83D-AE215A96C6A0}.Debug|iPhone.Deploy.0 = Debug|Any CPU
		{F7914D71-C2B5-4110-B83D-AE215A96C6A0}.Debug|iPhoneSimulator.ActiveCfg = Debug|Any CPU
		{F7914D71-C2B5-4110-B83D-AE215A96C6A0}.Debug|iPhoneSimulator.Build.0 = Debug|Any CPU
		{F7914D71-C2B5-4110-B83D-AE215A96C6A0}.Debug|iPhoneSimulator.Deploy.0 = Debug|Any CPU
		{F7914D71-C2B5-4110-B83D-AE215A96C6A0}.Debug|x64.ActiveCfg = Debug|Any CPU
		{F7914D71-C2B5-4110-B83D-AE215A96C6A0}.Debug|x64.Build.0 = Debug|Any CPU
		{F7914D71-C2B5-4110-B83D-AE215A96C6A0}.Debug|x64.Deploy.0 = Debug|Any CPU
		{F7914D71-C2B5-4110-B83D-AE215A96C6A0}.Debug|x86.ActiveCfg = Debug|Any CPU
		{F7914D71-C2B5-4110-B83D-AE215A96C6A0}.Debug|x86.Build.0 = Debug|Any CPU
		{F7914D71-C2B5-4110-B83D-AE215A96C6A0}.Debug|x86.Deploy.0 = Debug|Any CPU
		{F7914D71-C2B5-4110-B83D-AE215A96C6A0}.Release|Any CPU.ActiveCfg = Release|Any CPU
		{F7914D71-C2B5-4110-B83D-AE215A96C6A0}.Release|Any CPU.Build.0 = Release|Any CPU
		{F7914D71-C2B5-4110-B83D-AE215A96C6A0}.Release|Any CPU.Deploy.0 = Release|Any CPU
		{F7914D71-C2B5-4110-B83D-AE215A96C6A0}.Release|ARM.ActiveCfg = Release|Any CPU
		{F7914D71-C2B5-4110-B83D-AE215A96C6A0}.Release|ARM.Build.0 = Release|Any CPU
		{F7914D71-C2B5-4110-B83D-AE215A96C6A0}.Release|ARM.Deploy.0 = Release|Any CPU
		{F7914D71-C2B5-4110-B83D-AE215A96C6A0}.Release|iPhone.ActiveCfg = Release|Any CPU
		{F7914D71-C2B5-4110-B83D-AE215A96C6A0}.Release|iPhone.Build.0 = Release|Any CPU
		{F7914D71-C2B5-4110-B83D-AE215A96C6A0}.Release|iPhone.Deploy.0 = Release|Any CPU
		{F7914D71-C2B5-4110-B83D-AE215A96C6A0}.Release|iPhoneSimulator.ActiveCfg = Release|Any CPU
		{F7914D71-C2B5-4110-B83D-AE215A96C6A0}.Release|iPhoneSimulator.Build.0 = Release|Any CPU
		{F7914D71-C2B5-4110-B83D-AE215A96C6A0}.Release|iPhoneSimulator.Deploy.0 = Release|Any CPU
		{F7914D71-C2B5-4110-B83D-AE215A96C6A0}.Release|x64.ActiveCfg = Release|Any CPU
		{F7914D71-C2B5-4110-B83D-AE215A96C6A0}.Release|x64.Build.0 = Release|Any CPU
		{F7914D71-C2B5-4110-B83D-AE215A96C6A0}.Release|x64.Deploy.0 = Release|Any CPU
		{F7914D71-C2B5-4110-B83D-AE215A96C6A0}.Release|x86.ActiveCfg = Release|Any CPU
		{F7914D71-C2B5-4110-B83D-AE215A96C6A0}.Release|x86.Build.0 = Release|Any CPU
		{F7914D71-C2B5-4110-B83D-AE215A96C6A0}.Release|x86.Deploy.0 = Release|Any CPU
		{7DD299D3-CF25-4187-A8B8-A36FCEE44CE2}.Ad-Hoc|Any CPU.ActiveCfg = Ad-Hoc|iPhone
		{7DD299D3-CF25-4187-A8B8-A36FCEE44CE2}.Ad-Hoc|Any CPU.Build.0 = Ad-Hoc|iPhone
		{7DD299D3-CF25-4187-A8B8-A36FCEE44CE2}.Ad-Hoc|Any CPU.Deploy.0 = Ad-Hoc|iPhone
		{7DD299D3-CF25-4187-A8B8-A36FCEE44CE2}.Ad-Hoc|ARM.ActiveCfg = Ad-Hoc|iPhone
		{7DD299D3-CF25-4187-A8B8-A36FCEE44CE2}.Ad-Hoc|ARM.Build.0 = Ad-Hoc|iPhone
		{7DD299D3-CF25-4187-A8B8-A36FCEE44CE2}.Ad-Hoc|ARM.Deploy.0 = Ad-Hoc|iPhone
		{7DD299D3-CF25-4187-A8B8-A36FCEE44CE2}.Ad-Hoc|iPhone.ActiveCfg = Ad-Hoc|iPhone
		{7DD299D3-CF25-4187-A8B8-A36FCEE44CE2}.Ad-Hoc|iPhone.Build.0 = Ad-Hoc|iPhone
		{7DD299D3-CF25-4187-A8B8-A36FCEE44CE2}.Ad-Hoc|iPhone.Deploy.0 = Ad-Hoc|iPhone
		{7DD299D3-CF25-4187-A8B8-A36FCEE44CE2}.Ad-Hoc|iPhoneSimulator.ActiveCfg = Ad-Hoc|iPhoneSimulator
		{7DD299D3-CF25-4187-A8B8-A36FCEE44CE2}.Ad-Hoc|iPhoneSimulator.Build.0 = Ad-Hoc|iPhoneSimulator
		{7DD299D3-CF25-4187-A8B8-A36FCEE44CE2}.Ad-Hoc|iPhoneSimulator.Deploy.0 = Ad-Hoc|iPhoneSimulator
		{7DD299D3-CF25-4187-A8B8-A36FCEE44CE2}.Ad-Hoc|x64.ActiveCfg = Ad-Hoc|iPhone
		{7DD299D3-CF25-4187-A8B8-A36FCEE44CE2}.Ad-Hoc|x64.Build.0 = Ad-Hoc|iPhone
		{7DD299D3-CF25-4187-A8B8-A36FCEE44CE2}.Ad-Hoc|x64.Deploy.0 = Ad-Hoc|iPhone
		{7DD299D3-CF25-4187-A8B8-A36FCEE44CE2}.Ad-Hoc|x86.ActiveCfg = Ad-Hoc|iPhone
		{7DD299D3-CF25-4187-A8B8-A36FCEE44CE2}.Ad-Hoc|x86.Build.0 = Ad-Hoc|iPhone
		{7DD299D3-CF25-4187-A8B8-A36FCEE44CE2}.Ad-Hoc|x86.Deploy.0 = Ad-Hoc|iPhone
		{7DD299D3-CF25-4187-A8B8-A36FCEE44CE2}.AppStore|Any CPU.ActiveCfg = AppStore|iPhone
		{7DD299D3-CF25-4187-A8B8-A36FCEE44CE2}.AppStore|Any CPU.Build.0 = AppStore|iPhone
		{7DD299D3-CF25-4187-A8B8-A36FCEE44CE2}.AppStore|Any CPU.Deploy.0 = AppStore|iPhone
		{7DD299D3-CF25-4187-A8B8-A36FCEE44CE2}.AppStore|ARM.ActiveCfg = AppStore|iPhone
		{7DD299D3-CF25-4187-A8B8-A36FCEE44CE2}.AppStore|ARM.Build.0 = AppStore|iPhone
		{7DD299D3-CF25-4187-A8B8-A36FCEE44CE2}.AppStore|ARM.Deploy.0 = AppStore|iPhone
		{7DD299D3-CF25-4187-A8B8-A36FCEE44CE2}.AppStore|iPhone.ActiveCfg = AppStore|iPhone
		{7DD299D3-CF25-4187-A8B8-A36FCEE44CE2}.AppStore|iPhone.Build.0 = AppStore|iPhone
		{7DD299D3-CF25-4187-A8B8-A36FCEE44CE2}.AppStore|iPhone.Deploy.0 = AppStore|iPhone
		{7DD299D3-CF25-4187-A8B8-A36FCEE44CE2}.AppStore|iPhoneSimulator.ActiveCfg = AppStore|iPhoneSimulator
		{7DD299D3-CF25-4187-A8B8-A36FCEE44CE2}.AppStore|iPhoneSimulator.Build.0 = AppStore|iPhoneSimulator
		{7DD299D3-CF25-4187-A8B8-A36FCEE44CE2}.AppStore|iPhoneSimulator.Deploy.0 = AppStore|iPhoneSimulator
		{7DD299D3-CF25-4187-A8B8-A36FCEE44CE2}.AppStore|x64.ActiveCfg = AppStore|iPhone
		{7DD299D3-CF25-4187-A8B8-A36FCEE44CE2}.AppStore|x64.Build.0 = AppStore|iPhone
		{7DD299D3-CF25-4187-A8B8-A36FCEE44CE2}.AppStore|x64.Deploy.0 = AppStore|iPhone
		{7DD299D3-CF25-4187-A8B8-A36FCEE44CE2}.AppStore|x86.ActiveCfg = AppStore|iPhone
		{7DD299D3-CF25-4187-A8B8-A36FCEE44CE2}.AppStore|x86.Build.0 = AppStore|iPhone
		{7DD299D3-CF25-4187-A8B8-A36FCEE44CE2}.AppStore|x86.Deploy.0 = AppStore|iPhone
		{7DD299D3-CF25-4187-A8B8-A36FCEE44CE2}.Debug|Any CPU.ActiveCfg = Debug|iPhoneSimulator
		{7DD299D3-CF25-4187-A8B8-A36FCEE44CE2}.Debug|Any CPU.Build.0 = Debug|iPhoneSimulator
		{7DD299D3-CF25-4187-A8B8-A36FCEE44CE2}.Debug|Any CPU.Deploy.0 = Debug|iPhoneSimulator
		{7DD299D3-CF25-4187-A8B8-A36FCEE44CE2}.Debug|ARM.ActiveCfg = Debug|iPhone
		{7DD299D3-CF25-4187-A8B8-A36FCEE44CE2}.Debug|ARM.Build.0 = Debug|iPhone
		{7DD299D3-CF25-4187-A8B8-A36FCEE44CE2}.Debug|ARM.Deploy.0 = Debug|iPhone
		{7DD299D3-CF25-4187-A8B8-A36FCEE44CE2}.Debug|iPhone.ActiveCfg = Debug|iPhone
		{7DD299D3-CF25-4187-A8B8-A36FCEE44CE2}.Debug|iPhone.Build.0 = Debug|iPhone
		{7DD299D3-CF25-4187-A8B8-A36FCEE44CE2}.Debug|iPhone.Deploy.0 = Debug|iPhone
		{7DD299D3-CF25-4187-A8B8-A36FCEE44CE2}.Debug|iPhoneSimulator.ActiveCfg = Debug|iPhoneSimulator
		{7DD299D3-CF25-4187-A8B8-A36FCEE44CE2}.Debug|iPhoneSimulator.Build.0 = Debug|iPhoneSimulator
		{7DD299D3-CF25-4187-A8B8-A36FCEE44CE2}.Debug|iPhoneSimulator.Deploy.0 = Debug|iPhoneSimulator
		{7DD299D3-CF25-4187-A8B8-A36FCEE44CE2}.Debug|x64.ActiveCfg = Debug|iPhone
		{7DD299D3-CF25-4187-A8B8-A36FCEE44CE2}.Debug|x64.Build.0 = Debug|iPhone
		{7DD299D3-CF25-4187-A8B8-A36FCEE44CE2}.Debug|x64.Deploy.0 = Debug|iPhone
		{7DD299D3-CF25-4187-A8B8-A36FCEE44CE2}.Debug|x86.ActiveCfg = Debug|iPhone
		{7DD299D3-CF25-4187-A8B8-A36FCEE44CE2}.Debug|x86.Build.0 = Debug|iPhone
		{7DD299D3-CF25-4187-A8B8-A36FCEE44CE2}.Debug|x86.Deploy.0 = Debug|iPhone
		{7DD299D3-CF25-4187-A8B8-A36FCEE44CE2}.Release|Any CPU.ActiveCfg = Release|iPhone
		{7DD299D3-CF25-4187-A8B8-A36FCEE44CE2}.Release|Any CPU.Build.0 = Release|iPhone
		{7DD299D3-CF25-4187-A8B8-A36FCEE44CE2}.Release|Any CPU.Deploy.0 = Release|iPhone
		{7DD299D3-CF25-4187-A8B8-A36FCEE44CE2}.Release|ARM.ActiveCfg = Release|iPhone
		{7DD299D3-CF25-4187-A8B8-A36FCEE44CE2}.Release|ARM.Build.0 = Release|iPhone
		{7DD299D3-CF25-4187-A8B8-A36FCEE44CE2}.Release|ARM.Deploy.0 = Release|iPhone
		{7DD299D3-CF25-4187-A8B8-A36FCEE44CE2}.Release|iPhone.ActiveCfg = Release|iPhone
		{7DD299D3-CF25-4187-A8B8-A36FCEE44CE2}.Release|iPhone.Build.0 = Release|iPhone
		{7DD299D3-CF25-4187-A8B8-A36FCEE44CE2}.Release|iPhone.Deploy.0 = Release|iPhone
		{7DD299D3-CF25-4187-A8B8-A36FCEE44CE2}.Release|iPhoneSimulator.ActiveCfg = Release|iPhoneSimulator
		{7DD299D3-CF25-4187-A8B8-A36FCEE44CE2}.Release|iPhoneSimulator.Build.0 = Release|iPhoneSimulator
		{7DD299D3-CF25-4187-A8B8-A36FCEE44CE2}.Release|iPhoneSimulator.Deploy.0 = Release|iPhoneSimulator
		{7DD299D3-CF25-4187-A8B8-A36FCEE44CE2}.Release|x64.ActiveCfg = Release|iPhone
		{7DD299D3-CF25-4187-A8B8-A36FCEE44CE2}.Release|x64.Build.0 = Release|iPhone
		{7DD299D3-CF25-4187-A8B8-A36FCEE44CE2}.Release|x64.Deploy.0 = Release|iPhone
		{7DD299D3-CF25-4187-A8B8-A36FCEE44CE2}.Release|x86.ActiveCfg = Release|iPhone
		{7DD299D3-CF25-4187-A8B8-A36FCEE44CE2}.Release|x86.Build.0 = Release|iPhone
		{7DD299D3-CF25-4187-A8B8-A36FCEE44CE2}.Release|x86.Deploy.0 = Release|iPhone
		{B157EBA7-9C54-4666-9BD1-A054E78FD107}.Ad-Hoc|Any CPU.ActiveCfg = Release|x86
		{B157EBA7-9C54-4666-9BD1-A054E78FD107}.Ad-Hoc|Any CPU.Build.0 = Release|x86
		{B157EBA7-9C54-4666-9BD1-A054E78FD107}.Ad-Hoc|Any CPU.Deploy.0 = Release|x86
		{B157EBA7-9C54-4666-9BD1-A054E78FD107}.Ad-Hoc|ARM.ActiveCfg = Release|ARM
		{B157EBA7-9C54-4666-9BD1-A054E78FD107}.Ad-Hoc|ARM.Build.0 = Release|ARM
		{B157EBA7-9C54-4666-9BD1-A054E78FD107}.Ad-Hoc|ARM.Deploy.0 = Release|ARM
		{B157EBA7-9C54-4666-9BD1-A054E78FD107}.Ad-Hoc|iPhone.ActiveCfg = Release|x86
		{B157EBA7-9C54-4666-9BD1-A054E78FD107}.Ad-Hoc|iPhone.Build.0 = Release|x86
		{B157EBA7-9C54-4666-9BD1-A054E78FD107}.Ad-Hoc|iPhone.Deploy.0 = Release|x86
		{B157EBA7-9C54-4666-9BD1-A054E78FD107}.Ad-Hoc|iPhoneSimulator.ActiveCfg = Release|x86
		{B157EBA7-9C54-4666-9BD1-A054E78FD107}.Ad-Hoc|iPhoneSimulator.Build.0 = Release|x86
		{B157EBA7-9C54-4666-9BD1-A054E78FD107}.Ad-Hoc|iPhoneSimulator.Deploy.0 = Release|x86
		{B157EBA7-9C54-4666-9BD1-A054E78FD107}.Ad-Hoc|x64.ActiveCfg = Release|x64
		{B157EBA7-9C54-4666-9BD1-A054E78FD107}.Ad-Hoc|x64.Build.0 = Release|x64
		{B157EBA7-9C54-4666-9BD1-A054E78FD107}.Ad-Hoc|x64.Deploy.0 = Release|x64
		{B157EBA7-9C54-4666-9BD1-A054E78FD107}.Ad-Hoc|x86.ActiveCfg = Release|x86
		{B157EBA7-9C54-4666-9BD1-A054E78FD107}.Ad-Hoc|x86.Build.0 = Release|x86
		{B157EBA7-9C54-4666-9BD1-A054E78FD107}.Ad-Hoc|x86.Deploy.0 = Release|x86
		{B157EBA7-9C54-4666-9BD1-A054E78FD107}.AppStore|Any CPU.ActiveCfg = Release|x86
		{B157EBA7-9C54-4666-9BD1-A054E78FD107}.AppStore|Any CPU.Build.0 = Release|x86
		{B157EBA7-9C54-4666-9BD1-A054E78FD107}.AppStore|Any CPU.Deploy.0 = Release|x86
		{B157EBA7-9C54-4666-9BD1-A054E78FD107}.AppStore|ARM.ActiveCfg = Release|ARM
		{B157EBA7-9C54-4666-9BD1-A054E78FD107}.AppStore|ARM.Build.0 = Release|ARM
		{B157EBA7-9C54-4666-9BD1-A054E78FD107}.AppStore|ARM.Deploy.0 = Release|ARM
		{B157EBA7-9C54-4666-9BD1-A054E78FD107}.AppStore|iPhone.ActiveCfg = Release|x86
		{B157EBA7-9C54-4666-9BD1-A054E78FD107}.AppStore|iPhone.Build.0 = Release|x86
		{B157EBA7-9C54-4666-9BD1-A054E78FD107}.AppStore|iPhone.Deploy.0 = Release|x86
		{B157EBA7-9C54-4666-9BD1-A054E78FD107}.AppStore|iPhoneSimulator.ActiveCfg = Release|x86
		{B157EBA7-9C54-4666-9BD1-A054E78FD107}.AppStore|iPhoneSimulator.Build.0 = Release|x86
		{B157EBA7-9C54-4666-9BD1-A054E78FD107}.AppStore|iPhoneSimulator.Deploy.0 = Release|x86
		{B157EBA7-9C54-4666-9BD1-A054E78FD107}.AppStore|x64.ActiveCfg = Release|x64
		{B157EBA7-9C54-4666-9BD1-A054E78FD107}.AppStore|x64.Build.0 = Release|x64
		{B157EBA7-9C54-4666-9BD1-A054E78FD107}.AppStore|x64.Deploy.0 = Release|x64
		{B157EBA7-9C54-4666-9BD1-A054E78FD107}.AppStore|x86.ActiveCfg = Release|x86
		{B157EBA7-9C54-4666-9BD1-A054E78FD107}.AppStore|x86.Build.0 = Release|x86
		{B157EBA7-9C54-4666-9BD1-A054E78FD107}.AppStore|x86.Deploy.0 = Release|x86
		{B157EBA7-9C54-4666-9BD1-A054E78FD107}.Debug|Any CPU.ActiveCfg = Debug|x86
		{B157EBA7-9C54-4666-9BD1-A054E78FD107}.Debug|Any CPU.Build.0 = Debug|x86
		{B157EBA7-9C54-4666-9BD1-A054E78FD107}.Debug|Any CPU.Deploy.0 = Debug|x86
		{B157EBA7-9C54-4666-9BD1-A054E78FD107}.Debug|ARM.ActiveCfg = Debug|ARM
		{B157EBA7-9C54-4666-9BD1-A054E78FD107}.Debug|ARM.Build.0 = Debug|ARM
		{B157EBA7-9C54-4666-9BD1-A054E78FD107}.Debug|ARM.Deploy.0 = Debug|ARM
		{B157EBA7-9C54-4666-9BD1-A054E78FD107}.Debug|iPhone.ActiveCfg = Debug|x86
		{B157EBA7-9C54-4666-9BD1-A054E78FD107}.Debug|iPhone.Build.0 = Debug|x86
		{B157EBA7-9C54-4666-9BD1-A054E78FD107}.Debug|iPhone.Deploy.0 = Debug|x86
		{B157EBA7-9C54-4666-9BD1-A054E78FD107}.Debug|iPhoneSimulator.ActiveCfg = Debug|x86
		{B157EBA7-9C54-4666-9BD1-A054E78FD107}.Debug|iPhoneSimulator.Build.0 = Debug|x86
		{B157EBA7-9C54-4666-9BD1-A054E78FD107}.Debug|iPhoneSimulator.Deploy.0 = Debug|x86
		{B157EBA7-9C54-4666-9BD1-A054E78FD107}.Debug|x64.ActiveCfg = Debug|x64
		{B157EBA7-9C54-4666-9BD1-A054E78FD107}.Debug|x64.Build.0 = Debug|x64
		{B157EBA7-9C54-4666-9BD1-A054E78FD107}.Debug|x64.Deploy.0 = Debug|x64
		{B157EBA7-9C54-4666-9BD1-A054E78FD107}.Debug|x86.ActiveCfg = Debug|x86
		{B157EBA7-9C54-4666-9BD1-A054E78FD107}.Debug|x86.Build.0 = Debug|x86
		{B157EBA7-9C54-4666-9BD1-A054E78FD107}.Debug|x86.Deploy.0 = Debug|x86
		{B157EBA7-9C54-4666-9BD1-A054E78FD107}.Release|Any CPU.ActiveCfg = Release|x86
		{B157EBA7-9C54-4666-9BD1-A054E78FD107}.Release|Any CPU.Build.0 = Release|x86
		{B157EBA7-9C54-4666-9BD1-A054E78FD107}.Release|Any CPU.Deploy.0 = Release|x86
		{B157EBA7-9C54-4666-9BD1-A054E78FD107}.Release|ARM.ActiveCfg = Release|ARM
		{B157EBA7-9C54-4666-9BD1-A054E78FD107}.Release|ARM.Build.0 = Release|ARM
		{B157EBA7-9C54-4666-9BD1-A054E78FD107}.Release|ARM.Deploy.0 = Release|ARM
		{B157EBA7-9C54-4666-9BD1-A054E78FD107}.Release|iPhone.ActiveCfg = Release|x86
		{B157EBA7-9C54-4666-9BD1-A054E78FD107}.Release|iPhone.Build.0 = Release|x86
		{B157EBA7-9C54-4666-9BD1-A054E78FD107}.Release|iPhone.Deploy.0 = Release|x86
		{B157EBA7-9C54-4666-9BD1-A054E78FD107}.Release|iPhoneSimulator.ActiveCfg = Release|x86
		{B157EBA7-9C54-4666-9BD1-A054E78FD107}.Release|iPhoneSimulator.Build.0 = Release|x86
		{B157EBA7-9C54-4666-9BD1-A054E78FD107}.Release|iPhoneSimulator.Deploy.0 = Release|x86
		{B157EBA7-9C54-4666-9BD1-A054E78FD107}.Release|x64.ActiveCfg = Release|x64
		{B157EBA7-9C54-4666-9BD1-A054E78FD107}.Release|x64.Build.0 = Release|x64
		{B157EBA7-9C54-4666-9BD1-A054E78FD107}.Release|x64.Deploy.0 = Release|x64
		{B157EBA7-9C54-4666-9BD1-A054E78FD107}.Release|x86.ActiveCfg = Release|x86
		{B157EBA7-9C54-4666-9BD1-A054E78FD107}.Release|x86.Build.0 = Release|x86
		{B157EBA7-9C54-4666-9BD1-A054E78FD107}.Release|x86.Deploy.0 = Release|x86
		{CE4483E1-68E9-4E4E-A63F-1FDFE169F9BF}.Ad-Hoc|Any CPU.ActiveCfg = Debug|Any CPU
		{CE4483E1-68E9-4E4E-A63F-1FDFE169F9BF}.Ad-Hoc|Any CPU.Build.0 = Debug|Any CPU
		{CE4483E1-68E9-4E4E-A63F-1FDFE169F9BF}.Ad-Hoc|Any CPU.Deploy.0 = Debug|Any CPU
		{CE4483E1-68E9-4E4E-A63F-1FDFE169F9BF}.Ad-Hoc|ARM.ActiveCfg = Debug|Any CPU
		{CE4483E1-68E9-4E4E-A63F-1FDFE169F9BF}.Ad-Hoc|ARM.Build.0 = Debug|Any CPU
		{CE4483E1-68E9-4E4E-A63F-1FDFE169F9BF}.Ad-Hoc|ARM.Deploy.0 = Debug|Any CPU
		{CE4483E1-68E9-4E4E-A63F-1FDFE169F9BF}.Ad-Hoc|iPhone.ActiveCfg = Debug|Any CPU
		{CE4483E1-68E9-4E4E-A63F-1FDFE169F9BF}.Ad-Hoc|iPhone.Build.0 = Debug|Any CPU
		{CE4483E1-68E9-4E4E-A63F-1FDFE169F9BF}.Ad-Hoc|iPhone.Deploy.0 = Debug|Any CPU
		{CE4483E1-68E9-4E4E-A63F-1FDFE169F9BF}.Ad-Hoc|iPhoneSimulator.ActiveCfg = Debug|Any CPU
		{CE4483E1-68E9-4E4E-A63F-1FDFE169F9BF}.Ad-Hoc|iPhoneSimulator.Build.0 = Debug|Any CPU
		{CE4483E1-68E9-4E4E-A63F-1FDFE169F9BF}.Ad-Hoc|iPhoneSimulator.Deploy.0 = Debug|Any CPU
		{CE4483E1-68E9-4E4E-A63F-1FDFE169F9BF}.Ad-Hoc|x64.ActiveCfg = Debug|Any CPU
		{CE4483E1-68E9-4E4E-A63F-1FDFE169F9BF}.Ad-Hoc|x64.Build.0 = Debug|Any CPU
		{CE4483E1-68E9-4E4E-A63F-1FDFE169F9BF}.Ad-Hoc|x64.Deploy.0 = Debug|Any CPU
		{CE4483E1-68E9-4E4E-A63F-1FDFE169F9BF}.Ad-Hoc|x86.ActiveCfg = Debug|Any CPU
		{CE4483E1-68E9-4E4E-A63F-1FDFE169F9BF}.Ad-Hoc|x86.Build.0 = Debug|Any CPU
		{CE4483E1-68E9-4E4E-A63F-1FDFE169F9BF}.Ad-Hoc|x86.Deploy.0 = Debug|Any CPU
		{CE4483E1-68E9-4E4E-A63F-1FDFE169F9BF}.AppStore|Any CPU.ActiveCfg = Debug|Any CPU
		{CE4483E1-68E9-4E4E-A63F-1FDFE169F9BF}.AppStore|Any CPU.Build.0 = Debug|Any CPU
		{CE4483E1-68E9-4E4E-A63F-1FDFE169F9BF}.AppStore|Any CPU.Deploy.0 = Debug|Any CPU
		{CE4483E1-68E9-4E4E-A63F-1FDFE169F9BF}.AppStore|ARM.ActiveCfg = Debug|Any CPU
		{CE4483E1-68E9-4E4E-A63F-1FDFE169F9BF}.AppStore|ARM.Build.0 = Debug|Any CPU
		{CE4483E1-68E9-4E4E-A63F-1FDFE169F9BF}.AppStore|ARM.Deploy.0 = Debug|Any CPU
		{CE4483E1-68E9-4E4E-A63F-1FDFE169F9BF}.AppStore|iPhone.ActiveCfg = Debug|Any CPU
		{CE4483E1-68E9-4E4E-A63F-1FDFE169F9BF}.AppStore|iPhone.Build.0 = Debug|Any CPU
		{CE4483E1-68E9-4E4E-A63F-1FDFE169F9BF}.AppStore|iPhone.Deploy.0 = Debug|Any CPU
		{CE4483E1-68E9-4E4E-A63F-1FDFE169F9BF}.AppStore|iPhoneSimulator.ActiveCfg = Debug|Any CPU
		{CE4483E1-68E9-4E4E-A63F-1FDFE169F9BF}.AppStore|iPhoneSimulator.Build.0 = Debug|Any CPU
		{CE4483E1-68E9-4E4E-A63F-1FDFE169F9BF}.AppStore|iPhoneSimulator.Deploy.0 = Debug|Any CPU
		{CE4483E1-68E9-4E4E-A63F-1FDFE169F9BF}.AppStore|x64.ActiveCfg = Debug|Any CPU
		{CE4483E1-68E9-4E4E-A63F-1FDFE169F9BF}.AppStore|x64.Build.0 = Debug|Any CPU
		{CE4483E1-68E9-4E4E-A63F-1FDFE169F9BF}.AppStore|x64.Deploy.0 = Debug|Any CPU
		{CE4483E1-68E9-4E4E-A63F-1FDFE169F9BF}.AppStore|x86.ActiveCfg = Debug|Any CPU
		{CE4483E1-68E9-4E4E-A63F-1FDFE169F9BF}.AppStore|x86.Build.0 = Debug|Any CPU
		{CE4483E1-68E9-4E4E-A63F-1FDFE169F9BF}.AppStore|x86.Deploy.0 = Debug|Any CPU
		{CE4483E1-68E9-4E4E-A63F-1FDFE169F9BF}.Debug|Any CPU.ActiveCfg = Debug|Any CPU
		{CE4483E1-68E9-4E4E-A63F-1FDFE169F9BF}.Debug|Any CPU.Build.0 = Debug|Any CPU
		{CE4483E1-68E9-4E4E-A63F-1FDFE169F9BF}.Debug|Any CPU.Deploy.0 = Debug|Any CPU
		{CE4483E1-68E9-4E4E-A63F-1FDFE169F9BF}.Debug|ARM.ActiveCfg = Debug|Any CPU
		{CE4483E1-68E9-4E4E-A63F-1FDFE169F9BF}.Debug|ARM.Build.0 = Debug|Any CPU
		{CE4483E1-68E9-4E4E-A63F-1FDFE169F9BF}.Debug|ARM.Deploy.0 = Debug|Any CPU
		{CE4483E1-68E9-4E4E-A63F-1FDFE169F9BF}.Debug|iPhone.ActiveCfg = Debug|Any CPU
		{CE4483E1-68E9-4E4E-A63F-1FDFE169F9BF}.Debug|iPhone.Build.0 = Debug|Any CPU
		{CE4483E1-68E9-4E4E-A63F-1FDFE169F9BF}.Debug|iPhone.Deploy.0 = Debug|Any CPU
		{CE4483E1-68E9-4E4E-A63F-1FDFE169F9BF}.Debug|iPhoneSimulator.ActiveCfg = Debug|Any CPU
		{CE4483E1-68E9-4E4E-A63F-1FDFE169F9BF}.Debug|iPhoneSimulator.Build.0 = Debug|Any CPU
		{CE4483E1-68E9-4E4E-A63F-1FDFE169F9BF}.Debug|iPhoneSimulator.Deploy.0 = Debug|Any CPU
		{CE4483E1-68E9-4E4E-A63F-1FDFE169F9BF}.Debug|x64.ActiveCfg = Debug|Any CPU
		{CE4483E1-68E9-4E4E-A63F-1FDFE169F9BF}.Debug|x64.Build.0 = Debug|Any CPU
		{CE4483E1-68E9-4E4E-A63F-1FDFE169F9BF}.Debug|x64.Deploy.0 = Debug|Any CPU
		{CE4483E1-68E9-4E4E-A63F-1FDFE169F9BF}.Debug|x86.ActiveCfg = Debug|Any CPU
		{CE4483E1-68E9-4E4E-A63F-1FDFE169F9BF}.Debug|x86.Build.0 = Debug|Any CPU
		{CE4483E1-68E9-4E4E-A63F-1FDFE169F9BF}.Debug|x86.Deploy.0 = Debug|Any CPU
		{CE4483E1-68E9-4E4E-A63F-1FDFE169F9BF}.Release|Any CPU.ActiveCfg = Release|Any CPU
		{CE4483E1-68E9-4E4E-A63F-1FDFE169F9BF}.Release|Any CPU.Build.0 = Release|Any CPU
		{CE4483E1-68E9-4E4E-A63F-1FDFE169F9BF}.Release|Any CPU.Deploy.0 = Release|Any CPU
		{CE4483E1-68E9-4E4E-A63F-1FDFE169F9BF}.Release|ARM.ActiveCfg = Release|Any CPU
		{CE4483E1-68E9-4E4E-A63F-1FDFE169F9BF}.Release|ARM.Build.0 = Release|Any CPU
		{CE4483E1-68E9-4E4E-A63F-1FDFE169F9BF}.Release|ARM.Deploy.0 = Release|Any CPU
		{CE4483E1-68E9-4E4E-A63F-1FDFE169F9BF}.Release|iPhone.ActiveCfg = Release|Any CPU
		{CE4483E1-68E9-4E4E-A63F-1FDFE169F9BF}.Release|iPhone.Build.0 = Release|Any CPU
		{CE4483E1-68E9-4E4E-A63F-1FDFE169F9BF}.Release|iPhone.Deploy.0 = Release|Any CPU
		{CE4483E1-68E9-4E4E-A63F-1FDFE169F9BF}.Release|iPhoneSimulator.ActiveCfg = Release|Any CPU
		{CE4483E1-68E9-4E4E-A63F-1FDFE169F9BF}.Release|iPhoneSimulator.Build.0 = Release|Any CPU
		{CE4483E1-68E9-4E4E-A63F-1FDFE169F9BF}.Release|iPhoneSimulator.Deploy.0 = Release|Any CPU
		{CE4483E1-68E9-4E4E-A63F-1FDFE169F9BF}.Release|x64.ActiveCfg = Release|Any CPU
		{CE4483E1-68E9-4E4E-A63F-1FDFE169F9BF}.Release|x64.Build.0 = Release|Any CPU
		{CE4483E1-68E9-4E4E-A63F-1FDFE169F9BF}.Release|x64.Deploy.0 = Release|Any CPU
		{CE4483E1-68E9-4E4E-A63F-1FDFE169F9BF}.Release|x86.ActiveCfg = Release|Any CPU
		{CE4483E1-68E9-4E4E-A63F-1FDFE169F9BF}.Release|x86.Build.0 = Release|Any CPU
		{CE4483E1-68E9-4E4E-A63F-1FDFE169F9BF}.Release|x86.Deploy.0 = Release|Any CPU
	EndGlobalSection
	GlobalSection(SolutionProperties) = preSolution
		HideSolutionNode = FALSE
	EndGlobalSection
	GlobalSection(ExtensibilityGlobals) = postSolution
		SolutionGuid = {1BEE55DA-ADD9-4671-9B7B-339943CC2BC1}
	EndGlobalSection
EndGlobal
